
Microsoft Visual Studio Solution File, Format Version 12.00
Project("{FAE04EC0-301F-11D3-BF4B-00C04F79EFBC}") = "CalculatorGRPCService", "CalculatorGRPCService\CalculatorGRPCService.csproj", "{88648701-EF30-412F-AA19-7BA6F5C62923}"
EndProject
Project("{FAE04EC0-301F-11D3-BF4B-00C04F79EFBC}") = "CalculatorGRPCClient", "CalculatorGRPCClient\CalculatorGRPCClient.csproj", "{A0B87AEA-F2BE-48F3-ABF3-3E829485CB8E}"
EndProject
Project("{FAE04EC0-301F-11D3-BF4B-00C04F79EFBC}") = "CalculatorHTTPService", "CalculatorHTTPService\CalculatorHTTPService.csproj", "{7AD372B7-3D1F-41B0-886B-2226724DCC05}"
EndProject
Project("{FAE04EC0-301F-11D3-BF4B-00C04F79EFBC}") = "CalculatorSBConsumer", "CalculatorSBConsumer\CalculatorSBConsumer.csproj", "{A2237DE7-951D-48E9-8297-65E71CA87958}"
EndProject
Project("{FAE04EC0-301F-11D3-BF4B-00C04F79EFBC}") = "CalculatorSBService", "CalculatorSBService\CalculatorSBService.csproj", "{115C17EC-8F84-4D3A-86C4-FA616271DB22}"
EndProject
Global
	GlobalSection(SolutionConfigurationPlatforms) = preSolution
		Debug|Any CPU = Debug|Any CPU
		Release|Any CPU = Release|Any CPU
	EndGlobalSection
	GlobalSection(ProjectConfigurationPlatforms) = postSolution
		{88648701-EF30-412F-AA19-7BA6F5C62923}.Debug|Any CPU.ActiveCfg = Debug|Any CPU
		{88648701-EF30-412F-AA19-7BA6F5C62923}.Debug|Any CPU.Build.0 = Debug|Any CPU
		{88648701-EF30-412F-AA19-7BA6F5C62923}.Release|Any CPU.ActiveCfg = Release|Any CPU
		{88648701-EF30-412F-AA19-7BA6F5C62923}.Release|Any CPU.Build.0 = Release|Any CPU
		{A0B87AEA-F2BE-48F3-ABF3-3E829485CB8E}.Debug|Any CPU.ActiveCfg = Debug|Any CPU
		{A0B87AEA-F2BE-48F3-ABF3-3E829485CB8E}.Debug|Any CPU.Build.0 = Debug|Any CPU
		{A0B87AEA-F2BE-48F3-ABF3-3E829485CB8E}.Release|Any CPU.ActiveCfg = Release|Any CPU
		{A0B87AEA-F2BE-48F3-ABF3-3E829485CB8E}.Release|Any CPU.Build.0 = Release|Any CPU
		{7AD372B7-3D1F-41B0-886B-2226724DCC05}.Debug|Any CPU.ActiveCfg = Debug|Any CPU
		{7AD372B7-3D1F-41B0-886B-2226724DCC05}.Debug|Any CPU.Build.0 = Debug|Any CPU
		{7AD372B7-3D1F-41B0-886B-2226724DCC05}.Release|Any CPU.ActiveCfg = Release|Any CPU
		{7AD372B7-3D1F-41B0-886B-2226724DCC05}.Release|Any CPU.Build.0 = Release|Any CPU
		{A2237DE7-951D-48E9-8297-65E71CA87958}.Debug|Any CPU.ActiveCfg = Debug|Any CPU
		{A2237DE7-951D-48E9-8297-65E71CA87958}.Debug|Any CPU.Build.0 = Debug|Any CPU
		{A2237DE7-951D-48E9-8297-65E71CA87958}.Release|Any CPU.ActiveCfg = Release|Any CPU
		{A2237DE7-951D-48E9-8297-65E71CA87958}.Release|Any CPU.Build.0 = Release|Any CPU
		{115C17EC-8F84-4D3A-86C4-FA616271DB22}.Debug|Any CPU.ActiveCfg = Debug|Any CPU
		{115C17EC-8F84-4D3A-86C4-FA616271DB22}.Debug|Any CPU.Build.0 = Debug|Any CPU
		{115C17EC-8F84-4D3A-86C4-FA616271DB22}.Release|Any CPU.ActiveCfg = Release|Any CPU
		{115C17EC-8F84-4D3A-86C4-FA616271DB22}.Release|Any CPU.Build.0 = Release|Any CPU
	EndGlobalSection
	GlobalSection(NestedProjects) = preSolution
	EndGlobalSection
EndGlobal
